
Microsoft Visual Studio Solution File, Format Version 12.00
# Visual Studio Version 16
VisualStudioVersion = 16.0.31005.135
MinimumVisualStudioVersion = 10.0.40219.1
Project("{FAE04EC0-301F-11D3-BF4B-00C04F79EFBC}") = "Hotel", "Hotel\Hotel.csproj", "{1720D514-4471-407E-BE96-444123007889}"
EndProject
Global
	GlobalSection(SolutionConfigurationPlatforms) = preSolution
		Debug|Any CPU = Debug|Any CPU
		Release|Any CPU = Release|Any CPU
	EndGlobalSection
	GlobalSection(ProjectConfigurationPlatforms) = postSolution
		{1720D514-4471-407E-BE96-444123007889}.Debug|Any CPU.ActiveCfg = Debug|Any CPU
		{1720D514-4471-407E-BE96-444123007889}.Debug|Any CPU.Build.0 = Debug|Any CPU
		{1720D514-4471-407E-BE96-444123007889}.Release|Any CPU.ActiveCfg = Release|Any CPU
		{1720D514-4471-407E-BE96-444123007889}.Release|Any CPU.Build.0 = Release|Any CPU
	EndGlobalSection
	GlobalSection(SolutionProperties) = preSolution
		HideSolutionNode = FALSE
	EndGlobalSection
	GlobalSection(ExtensibilityGlobals) = postSolution
		SolutionGuid = {70E1047E-308C-4B83-8F3A-579911EC2C9F}
	EndGlobalSection
EndGlobal
